
Microsoft Visual Studio Solution File, Format Version 12.00
# Visual Studio Version 17
VisualStudioVersion = 17.11.35222.181
MinimumVisualStudioVersion = 10.0.40219.1
Project("{FAE04EC0-301F-11D3-BF4B-00C04F79EFBC}") = "GTPatcher", "GTPatcher\GTPatcher.csproj", "{4EF6705B-6E7A-45B9-B5C4-CD0D58914813}"
EndProject
Global
	GlobalSection(SolutionConfigurationPlatforms) = preSolution
		Debug|Any CPU = Debug|Any CPU
		Release|Any CPU = Release|Any CPU
	EndGlobalSection
	GlobalSection(ProjectConfigurationPlatforms) = postSolution
		{4EF6705B-6E7A-45B9-B5C4-CD0D58914813}.Debug|Any CPU.ActiveCfg = Debug|Any CPU
		{4EF6705B-6E7A-45B9-B5C4-CD0D58914813}.Debug|Any CPU.Build.0 = Debug|Any CPU
		{4EF6705B-6E7A-45B9-B5C4-CD0D58914813}.Release|Any CPU.ActiveCfg = Release|Any CPU
		{4EF6705B-6E7A-45B9-B5C4-CD0D58914813}.Release|Any CPU.Build.0 = Release|Any CPU
	EndGlobalSection
	GlobalSection(SolutionProperties) = preSolution
		HideSolutionNode = FALSE
	EndGlobalSection
	GlobalSection(ExtensibilityGlobals) = postSolution
		SolutionGuid = {56A1556B-3E56-4829-9782-82DC7E648FFD}
	EndGlobalSection
EndGlobal
